// !$*UTF8*$!
{
	archiveVersion = 1;
	classes = {
	};
	objectVersion = 46;
	objects = {

/* Begin PBXBuildFile section */
		1D937D3F1444DB4300C59A2F /* Cocoa.framework in Frameworks */ = {isa = PBXBuildFile; fileRef = 1D937D3E1444DB4300C59A2F /* Cocoa.framework */; };
		1D937D491444DB4500C59A2F /* InfoPlist.strings in Resources */ = {isa = PBXBuildFile; fileRef = 1D937D471444DB4500C59A2F /* InfoPlist.strings */; };
		1D937D4B1444DB4600C59A2F /* main.m in Sources */ = {isa = PBXBuildFile; fileRef = 1D937D4A1444DB4600C59A2F /* main.m */; };
		1D937D4F1444DB4700C59A2F /* Credits.rtf in Resources */ = {isa = PBXBuildFile; fileRef = 1D937D4D1444DB4700C59A2F /* Credits.rtf */; };
		1D937D521444DB4900C59A2F /* Hackerspace_Status_NotifierAppDelegate.m in Sources */ = {isa = PBXBuildFile; fileRef = 1D937D511444DB4900C59A2F /* Hackerspace_Status_NotifierAppDelegate.m */; };
		1D937D551444DB4D00C59A2F /* MainMenu.xib in Resources */ = {isa = PBXBuildFile; fileRef = 1D937D531444DB4D00C59A2F /* MainMenu.xib */; };
/* End PBXBuildFile section */

/* Begin PBXFileReference section */
		1D937D3A1444DB4300C59A2F /* Hackerspace Status Notifier.app */ = {isa = PBXFileReference; explicitFileType = wrapper.application; includeInIndex = 0; path = "Hackerspace Status Notifier.app"; sourceTree = BUILT_PRODUCTS_DIR; };
		1D937D3E1444DB4300C59A2F /* Cocoa.framework */ = {isa = PBXFileReference; lastKnownFileType = wrapper.framework; name = Cocoa.framework; path = System/Library/Frameworks/Cocoa.framework; sourceTree = SDKROOT; };
		1D937D411444DB4300C59A2F /* AppKit.framework */ = {isa = PBXFileReference; lastKnownFileType = wrapper.framework; name = AppKit.framework; path = System/Library/Frameworks/AppKit.framework; sourceTree = SDKROOT; };
		1D937D421444DB4300C59A2F /* CoreData.framework */ = {isa = PBXFileReference; lastKnownFileType = wrapper.framework; name = CoreData.framework; path = System/Library/Frameworks/CoreData.framework; sourceTree = SDKROOT; };
		1D937D431444DB4300C59A2F /* Foundation.framework */ = {isa = PBXFileReference; lastKnownFileType = wrapper.framework; name = Foundation.framework; path = System/Library/Frameworks/Foundation.framework; sourceTree = SDKROOT; };
		1D937D461444DB4500C59A2F /* Hackerspace Status Notifier-Info.plist */ = {isa = PBXFileReference; path = "Hackerspace Status Notifier-Info.plist"; sourceTree = "<group>"; };
		1D937D481444DB4500C59A2F /* en */ = {isa = PBXFileReference; lastKnownFileType = text.plist.strings; name = en; path = en.lproj/InfoPlist.strings; sourceTree = "<group>"; };
		1D937D4A1444DB4600C59A2F /* main.m */ = {isa = PBXFileReference; lastKnownFileType = sourcecode.c.objc; path = main.m; sourceTree = "<group>"; };
		1D937D4C1444DB4600C59A2F /* Hackerspace Status Notifier-Prefix.pch */ = {isa = PBXFileReference; path = "Hackerspace Status Notifier-Prefix.pch"; sourceTree = "<group>"; };
		1D937D4E1444DB4700C59A2F /* en */ = {isa = PBXFileReference; lastKnownFileType = text.rtf; name = en; path = en.lproj/Credits.rtf; sourceTree = "<group>"; };
		1D937D501444DB4800C59A2F /* Hackerspace_Status_NotifierAppDelegate.h */ = {isa = PBXFileReference; path = Hackerspace_Status_NotifierAppDelegate.h; sourceTree = "<group>"; };
		1D937D511444DB4900C59A2F /* Hackerspace_Status_NotifierAppDelegate.m */ = {isa = PBXFileReference; lastKnownFileType = sourcecode.c.objc; path = Hackerspace_Status_NotifierAppDelegate.m; sourceTree = "<group>"; };
		1D937D541444DB4D00C59A2F /* en */ = {isa = PBXFileReference; lastKnownFileType = file.xib; name = en; path = en.lproj/MainMenu.xib; sourceTree = "<group>"; };
/* End PBXFileReference section */

/* Begin PBXFrameworksBuildPhase section */
		1D937D371444DB4300C59A2F /* Frameworks */ = {
			isa = PBXFrameworksBuildPhase;
			buildActionMask = 2147483647;
			files = (
				1D937D3F1444DB4300C59A2F /* Cocoa.framework in Frameworks */,
			);
			runOnlyForDeploymentPostprocessing = 0;
		};
/* End PBXFrameworksBuildPhase section */

/* Begin PBXGroup section */
		1D937D2F1444DB3300C59A2F = {
			isa = PBXGroup;
			children = (
				1D937D441444DB4300C59A2F /* Hackerspace Status Notifier */,
				1D937D3D1444DB4300C59A2F /* Frameworks */,
				1D937D3B1444DB4300C59A2F /* Products */,
			);
			sourceTree = "<group>";
		};
		1D937D3B1444DB4300C59A2F /* Products */ = {
			isa = PBXGroup;
			children = (
				1D937D3A1444DB4300C59A2F /* Hackerspace Status Notifier.app */,
			);
			name = Products;
			sourceTree = "<group>";
		};
		1D937D3D1444DB4300C59A2F /* Frameworks */ = {
			isa = PBXGroup;
			children = (
				1D937D3E1444DB4300C59A2F /* Cocoa.framework */,
				1D937D401444DB4300C59A2F /* Other Frameworks */,
			);
			name = Frameworks;
			sourceTree = "<group>";
		};
		1D937D401444DB4300C59A2F /* Other Frameworks */ = {
			isa = PBXGroup;
			children = (
				1D937D411444DB4300C59A2F /* AppKit.framework */,
				1D937D421444DB4300C59A2F /* CoreData.framework */,
				1D937D431444DB4300C59A2F /* Foundation.framework */,
			);
			name = "Other Frameworks";
			sourceTree = "<group>";
		};
		1D937D441444DB4300C59A2F /* Hackerspace Status Notifier */ = {
			isa = PBXGroup;
			children = (
				1D937D501444DB4800C59A2F /* Hackerspace_Status_NotifierAppDelegate.h */,
				1D937D511444DB4900C59A2F /* Hackerspace_Status_NotifierAppDelegate.m */,
				1D937D531444DB4D00C59A2F /* MainMenu.xib */,
				1D937D451444DB4500C59A2F /* Supporting Files */,
			);
			path = "Hackerspace Status Notifier";
			sourceTree = "<group>";
		};
		1D937D451444DB4500C59A2F /* Supporting Files */ = {
			isa = PBXGroup;
			children = (
				1D937D461444DB4500C59A2F /* Hackerspace Status Notifier-Info.plist */,
				1D937D471444DB4500C59A2F /* InfoPlist.strings */,
				1D937D4A1444DB4600C59A2F /* main.m */,
				1D937D4C1444DB4600C59A2F /* Hackerspace Status Notifier-Prefix.pch */,
				1D937D4D1444DB4700C59A2F /* Credits.rtf */,
			);
			name = "Supporting Files";
			sourceTree = "<group>";
		};
/* End PBXGroup section */

/* Begin PBXNativeTarget section */
		1D937D391444DB4300C59A2F /* Hackerspace Status Notifier */ = {
			isa = PBXNativeTarget;
			buildConfigurationList = 1D937D581444DB4D00C59A2F /* Build configuration list for PBXNativeTarget "Hackerspace Status Notifier" */;
			buildPhases = (
				1D937D361444DB4300C59A2F /* Sources */,
				1D937D371444DB4300C59A2F /* Frameworks */,
				1D937D381444DB4300C59A2F /* Resources */,
			);
			buildRules = (
			);
			dependencies = (
			);
			name = "Hackerspace Status Notifier";
			productName = "Hackerspace Status Notifier";
			productReference = 1D937D3A1444DB4300C59A2F /* Hackerspace Status Notifier.app */;
			productType = "com.apple.product-type.application";
		};
/* End PBXNativeTarget section */

/* Begin PBXProject section */
		1D937D311444DB3400C59A2F /* Project object */ = {
			isa = PBXProject;
			attributes = {
				ORGANIZATIONNAME = Tzikis;
			};
			buildConfigurationList = 1D937D341444DB3400C59A2F /* Build configuration list for PBXProject "Hackerspace Status Notifier" */;
			compatibilityVersion = "Xcode 3.2";
			developmentRegion = English;
			hasScannedForEncodings = 0;
			knownRegions = (
				en,
			);
			mainGroup = 1D937D2F1444DB3300C59A2F;
			productRefGroup = 1D937D3B1444DB4300C59A2F /* Products */;
			projectDirPath = "";
			projectRoot = "";
			targets = (
				1D937D391444DB4300C59A2F /* Hackerspace Status Notifier */,
			);
		};
/* End PBXProject section */

/* Begin PBXResourcesBuildPhase section */
		1D937D381444DB4300C59A2F /* Resources */ = {
			isa = PBXResourcesBuildPhase;
			buildActionMask = 2147483647;
			files = (
				1D937D491444DB4500C59A2F /* InfoPlist.strings in Resources */,
				1D937D4F1444DB4700C59A2F /* Credits.rtf in Resources */,
				1D937D551444DB4D00C59A2F /* MainMenu.xib in Resources */,
			);
			runOnlyForDeploymentPostprocessing = 0;
		};
/* End PBXResourcesBuildPhase section */

/* Begin PBXSourcesBuildPhase section */
		1D937D361444DB4300C59A2F /* Sources */ = {
			isa = PBXSourcesBuildPhase;
			buildActionMask = 2147483647;
			files = (
				1D937D4B1444DB4600C59A2F /* main.m in Sources */,
				1D937D521444DB4900C59A2F /* Hackerspace_Status_NotifierAppDelegate.m in Sources */,
			);
			runOnlyForDeploymentPostprocessing = 0;
		};
/* End PBXSourcesBuildPhase section */

/* Begin PBXVariantGroup section */
		1D937D471444DB4500C59A2F /* InfoPlist.strings */ = {
			isa = PBXVariantGroup;
			children = (
				1D937D481444DB4500C59A2F /* en */,
			);
			name = InfoPlist.strings;
			sourceTree = "<group>";
		};
		1D937D4D1444DB4700C59A2F /* Credits.rtf */ = {
			isa = PBXVariantGroup;
			children = (
				1D937D4E1444DB4700C59A2F /* en */,
			);
			name = Credits.rtf;
			sourceTree = "<group>";
		};
		1D937D531444DB4D00C59A2F /* MainMenu.xib */ = {
			isa = PBXVariantGroup;
			children = (
				1D937D541444DB4D00C59A2F /* en */,
			);
			name = MainMenu.xib;
			sourceTree = "<group>";
		};
/* End PBXVariantGroup section */

/* Begin XCBuildConfiguration section */
		1D937D561444DB4D00C59A2F /* Debug */ = {
			isa = XCBuildConfiguration;
			buildSettings = {
				ALWAYS_SEARCH_USER_PATHS = NO;
				ARCHS = "$(ARCHS_STANDARD_64_BIT)";
				COPY_PHASE_STRIP = NO;
				GCC_C_LANGUAGE_STANDARD = gnu99;
				GCC_DYNAMIC_NO_PIC = NO;
				GCC_ENABLE_OBJC_EXCEPTIONS = YES;
				GCC_OPTIMIZATION_LEVEL = 0;
				GCC_PREPROCESSOR_DEFINITIONS = (
					"DEBUG=1",
					"$(inherited)",
				);
				GCC_SYMBOLS_PRIVATE_EXTERN = NO;
				GCC_VERSION = com.apple.compilers.llvm.clang.1_0;
				GCC_WARN_64_TO_32_BIT_CONVERSION = YES;
				GCC_WARN_ABOUT_MISSING_PROTOTYPES = YES;
				GCC_WARN_ABOUT_RETURN_TYPE = YES;
				GCC_WARN_UNUSED_VARIABLE = YES;
				MACOSX_DEPLOYMENT_TARGET = 10.7;
				ONLY_ACTIVE_ARCH = YES;
				SDKROOT = macosx;
			};
			name = Debug;
		};
		1D937D571444DB4D00C59A2F /* Release */ = {
			isa = XCBuildConfiguration;
			buildSettings = {
				ALWAYS_SEARCH_USER_PATHS = NO;
				ARCHS = "$(ARCHS_STANDARD_64_BIT)";
				COPY_PHASE_STRIP = YES;
				DEBUG_INFORMATION_FORMAT = "dwarf-with-dsym";
				GCC_C_LANGUAGE_STANDARD = gnu99;
				GCC_ENABLE_OBJC_EXCEPTIONS = YES;
				GCC_VERSION = com.apple.compilers.llvm.clang.1_0;
				GCC_WARN_64_TO_32_BIT_CONVERSION = YES;
				GCC_WARN_ABOUT_MISSING_PROTOTYPES = YES;
				GCC_WARN_ABOUT_RETURN_TYPE = YES;
				GCC_WARN_UNUSED_VARIABLE = YES;
				MACOSX_DEPLOYMENT_TARGET = 10.7;
				SDKROOT = macosx;
			};
			name = Release;
		};
		1D937D591444DB4D00C59A2F /* Debug */ = {
			isa = XCBuildConfiguration;
			buildSettings = {
				GCC_PRECOMPILE_PREFIX_HEADER = YES;
				GCC_PREFIX_HEADER = "Hackerspace Status Notifier/Hackerspace Status Notifier-Prefix.pch";
				INFOPLIST_FILE = "Hackerspace Status Notifier/Hackerspace Status Notifier-Info.plist";
				PRODUCT_NAME = "$(TARGET_NAME)";
				WRAPPER_EXTENSION = app;
			};
			name = Debug;
		};
		1D937D5A1444DB4D00C59A2F /* Release */ = {
			isa = XCBuildConfiguration;
			buildSettings = {
				GCC_PRECOMPILE_PREFIX_HEADER = YES;
				GCC_PREFIX_HEADER = "Hackerspace Status Notifier/Hackerspace Status Notifier-Prefix.pch";
				INFOPLIST_FILE = "Hackerspace Status Notifier/Hackerspace Status Notifier-Info.plist";
				PRODUCT_NAME = "$(TARGET_NAME)";
				WRAPPER_EXTENSION = app;
			};
			name = Release;
		};
/* End XCBuildConfiguration section */

/* Begin XCConfigurationList section */
		1D937D341444DB3400C59A2F /* Build configuration list for PBXProject "Hackerspace Status Notifier" */ = {
			isa = XCConfigurationList;
			buildConfigurations = (
				1D937D561444DB4D00C59A2F /* Debug */,
				1D937D571444DB4D00C59A2F /* Release */,
			);
			defaultConfigurationIsVisible = 0;
			defaultConfigurationName = Release;
		};
		1D937D581444DB4D00C59A2F /* Build configuration list for PBXNativeTarget "Hackerspace Status Notifier" */ = {
			isa = XCConfigurationList;
			buildConfigurations = (
				1D937D591444DB4D00C59A2F /* Debug */,
				1D937D5A1444DB4D00C59A2F /* Release */,
			);
			defaultConfigurationIsVisible = 0;
		};
/* End XCConfigurationList section */
	};
	rootObject = 1D937D311444DB3400C59A2F /* Project object */;
}
